Microsoft Visual Studio Solution File, Format Version 11.00
# Visual Studio 2008

Project("{7E95929F-AD63-EA61-0BCF-73CEB7186FBD}") = "Space Team Test", "Assembly-CSharp-firstpass.csproj", "{709E1A78-6E54-A872-4AE4-B0E118A386EC}"
EndProject
Project("{7E95929F-AD63-EA61-0BCF-73CEB7186FBD}") = "Space Team Test", "Assembly-CSharp.csproj", "{9492D609-E5D4-763A-45C4-AC24C78106D5}"
EndProject
Project("{7E95929F-AD63-EA61-0BCF-73CEB7186FBD}") = "Space Team Test", "Assembly-CSharp-Editor.csproj", "{E2057A1C-3614-7D48-D929-89556B392B77}"
EndProject
Global
	GlobalSection(SolutionConfigurationPlatforms) = preSolution
		Debug|Any CPU = Debug|Any CPU
		Release|Any CPU = Release|Any CPU
	EndGlobalSection
	GlobalSection(ProjectConfigurationPlatforms) = postSolution
		{709E1A78-6E54-A872-4AE4-B0E118A386EC}.Debug|Any CPU.ActiveCfg = Debug|Any CPU
		{709E1A78-6E54-A872-4AE4-B0E118A386EC}.Debug|Any CPU.Build.0 = Debug|Any CPU
		{709E1A78-6E54-A872-4AE4-B0E118A386EC}.Release|Any CPU.ActiveCfg = Release|Any CPU
		{709E1A78-6E54-A872-4AE4-B0E118A386EC}.Release|Any CPU.Build.0 = Release|Any CPU
		{9492D609-E5D4-763A-45C4-AC24C78106D5}.Debug|Any CPU.ActiveCfg = Debug|Any CPU
		{9492D609-E5D4-763A-45C4-AC24C78106D5}.Debug|Any CPU.Build.0 = Debug|Any CPU
		{9492D609-E5D4-763A-45C4-AC24C78106D5}.Release|Any CPU.ActiveCfg = Release|Any CPU
		{9492D609-E5D4-763A-45C4-AC24C78106D5}.Release|Any CPU.Build.0 = Release|Any CPU
		{E2057A1C-3614-7D48-D929-89556B392B77}.Debug|Any CPU.ActiveCfg = Debug|Any CPU
		{E2057A1C-3614-7D48-D929-89556B392B77}.Debug|Any CPU.Build.0 = Debug|Any CPU
		{E2057A1C-3614-7D48-D929-89556B392B77}.Release|Any CPU.ActiveCfg = Release|Any CPU
		{E2057A1C-3614-7D48-D929-89556B392B77}.Release|Any CPU.Build.0 = Release|Any CPU
	EndGlobalSection
	GlobalSection(SolutionProperties) = preSolution
		HideSolutionNode = FALSE
	EndGlobalSection
	GlobalSection(MonoDevelopProperties) = preSolution
		StartupItem = Assembly-CSharp.csproj
	EndGlobalSection
EndGlobal
