
Microsoft Visual Studio Solution File, Format Version 12.00
# Visual Studio 2015
Project("{FAE04EC0-301F-11D3-BF4B-00C04F79EFBC}") = "Space-Team-Test.CSharp.Plugins", "Space-Team-Test.CSharp.Plugins.csproj", "{934A7396-86A9-C804-75C6-7120789BD3A5}"
EndProject
Project("{FAE04EC0-301F-11D3-BF4B-00C04F79EFBC}") = "Space-Team-Test.CSharp", "Space-Team-Test.CSharp.csproj", "{86CA4961-5E09-D8BC-5A3B-D97A4DA31905}"
EndProject
Project("{FAE04EC0-301F-11D3-BF4B-00C04F79EFBC}") = "Space-Team-Test.CSharp.Editor", "Space-Team-Test.CSharp.Editor.csproj", "{9CF030EF-0D7B-00AF-11FE-CCCB3931C6C2}"
EndProject
Global
	GlobalSection(SolutionConfigurationPlatforms) = preSolution
		Debug|Any CPU = Debug|Any CPU
		Release|Any CPU = Release|Any CPU
	EndGlobalSection
	GlobalSection(ProjectConfigurationPlatforms) = postSolution
		{934A7396-86A9-C804-75C6-7120789BD3A5}.Debug|Any CPU.ActiveCfg = Debug|Any CPU
		{934A7396-86A9-C804-75C6-7120789BD3A5}.Debug|Any CPU.Build.0 = Debug|Any CPU
		{934A7396-86A9-C804-75C6-7120789BD3A5}.Release|Any CPU.ActiveCfg = Release|Any CPU
		{934A7396-86A9-C804-75C6-7120789BD3A5}.Release|Any CPU.Build.0 = Release|Any CPU
		{86CA4961-5E09-D8BC-5A3B-D97A4DA31905}.Debug|Any CPU.ActiveCfg = Debug|Any CPU
		{86CA4961-5E09-D8BC-5A3B-D97A4DA31905}.Debug|Any CPU.Build.0 = Debug|Any CPU
		{86CA4961-5E09-D8BC-5A3B-D97A4DA31905}.Release|Any CPU.ActiveCfg = Release|Any CPU
		{86CA4961-5E09-D8BC-5A3B-D97A4DA31905}.Release|Any CPU.Build.0 = Release|Any CPU
		{9CF030EF-0D7B-00AF-11FE-CCCB3931C6C2}.Debug|Any CPU.ActiveCfg = Debug|Any CPU
		{9CF030EF-0D7B-00AF-11FE-CCCB3931C6C2}.Debug|Any CPU.Build.0 = Debug|Any CPU
		{9CF030EF-0D7B-00AF-11FE-CCCB3931C6C2}.Release|Any CPU.ActiveCfg = Release|Any CPU
		{9CF030EF-0D7B-00AF-11FE-CCCB3931C6C2}.Release|Any CPU.Build.0 = Release|Any CPU
	EndGlobalSection
	GlobalSection(SolutionProperties) = preSolution
		HideSolutionNode = FALSE
	EndGlobalSection
EndGlobal
